{
  "name": "callpepe-backend",
  "version": "0.1.0",
  "main": "dist/server.js",
  "scripts": {
    "dev": "ts-node-dev --respawn --transpile-only src/server.ts",
    "build": "tsc",
    "start": "node dist/server.js",
    "prisma:generate": "prisma generate",
    "prisma:migrate": "prisma migrate dev",
    "postinstall": "prisma generate"
  },
  "dependencies": {
    "@prisma/client": "^5.22.0",
    "cors": "^2.8.5",
    "db": "^6.0.3",
    "dotenv": "^16.6.1",
    "ethers": "^6.13.4",
    "express": "^4.22.1",
    "generate": "^0.14.0",
    "helmet": "^7.0.0",
    "jsonwebtoken": "^9.0.0",
    "neonctl": "^2.18.1",
    "npx": "^10.2.2",
    "pg": "^8.16.3",
    "prisma": "^5.22.0",
    "push": "^0.1.0",
    "socket.io": "^4.7.0",
    "stripe": "^15.0.0",
    "twilio": "^5.5.0"
  },
  "devDependencies": {
    "@types/cors": "^2.8.17",
    "@types/express": "^4.17.17",
    "@types/helmet": "^4.0.0",
    "@types/jsonwebtoken": "^9.0.2",
    "@types/node": "^20.0.0",
    "i": "^0.3.7",
    "npm": "^11.7.0",
    "ts-node-dev": "^2.0.0",
    "typescript": "^5.0.0"
  }
}
